
Microsoft Visual Studio Solution File, Format Version 12.00
# Visual Studio Express 2013 for Windows Desktop
VisualStudioVersion = 12.0.30501.0
MinimumVisualStudioVersion = 10.0.40219.1
Project("{FAE04EC0-301F-11D3-BF4B-00C04F79EFBC}") = "SRTFaker", "SRTFaker\SRTFaker.csproj", "{EF37AC1D-6F8D-4BDC-974B-529751B48E2B}"
EndProject
Global
	GlobalSection(SolutionConfigurationPlatforms) = preSolution
		Debug|Any CPU = Debug|Any CPU
		Release|Any CPU = Release|Any CPU
	EndGlobalSection
	GlobalSection(ProjectConfigurationPlatforms) = postSolution
		{EF37AC1D-6F8D-4BDC-974B-529751B48E2B}.Debug|Any CPU.ActiveCfg = Debug|Any CPU
		{EF37AC1D-6F8D-4BDC-974B-529751B48E2B}.Debug|Any CPU.Build.0 = Debug|Any CPU
		{EF37AC1D-6F8D-4BDC-974B-529751B48E2B}.Release|Any CPU.ActiveCfg = Release|Any CPU
		{EF37AC1D-6F8D-4BDC-974B-529751B48E2B}.Release|Any CPU.Build.0 = Release|Any CPU
	EndGlobalSection
	GlobalSection(SolutionProperties) = preSolution
		HideSolutionNode = FALSE
	EndGlobalSection
EndGlobal
